
Microsoft Visual Studio Solution File, Format Version 12.00
# Visual Studio Version 16
VisualStudioVersion = 16.0.30011.22
MinimumVisualStudioVersion = 10.0.40219.1
Project("{FAE04EC0-301F-11D3-BF4B-00C04F79EFBC}") = "ControlLibrary", "ControlLibrary\ControlLibrary.csproj", "{AA9C1AA7-AB64-4560-91C7-95BB2A88FA1F}"
EndProject
Project("{FAE04EC0-301F-11D3-BF4B-00C04F79EFBC}") = "Common", "Common\Common.csproj", "{EF679930-F4C9-4D62-9A6A-DE29F8D328C0}"
EndProject
Project("{FAE04EC0-301F-11D3-BF4B-00C04F79EFBC}") = "Server", "ServerState\Server.csproj", "{0C92C1D5-9084-4E4A-82F1-889B74019A33}"
EndProject
Project("{FAE04EC0-301F-11D3-BF4B-00C04F79EFBC}") = "Tests", "Tests\Tests.csproj", "{86291ACF-4BAD-4926-B647-8BCDBB5E8EF7}"
EndProject
Project("{FAE04EC0-301F-11D3-BF4B-00C04F79EFBC}") = "Nova", "Nova\Nova.csproj", "{184F17D9-28F2-4784-B5F0-8E9538A31BF7}"
EndProject
Project("{FAE04EC0-301F-11D3-BF4B-00C04F79EFBC}") = "GameFileInflator", "GameFileInflator\GameFileInflator.csproj", "{41601E8B-0B96-4217-A9A9-33BFAFBA51A2}"
EndProject
Project("{FAE04EC0-301F-11D3-BF4B-00C04F79EFBC}") = "Nova.Client", "Nova.Client\Nova.Client.csproj", "{9EB91FA6-8D16-4190-9205-1A7DCDBAC826}"
EndProject
Project("{FAE04EC0-301F-11D3-BF4B-00C04F79EFBC}") = "Nova.Avalonia", "Nova.Avalonia\Nova.Avalonia.csproj", "{11A4AA31-C6E0-4832-9B7D-314BACBCEA90}"
EndProject
Project("{FAE04EC0-301F-11D3-BF4B-00C04F79EFBC}") = "Nova.Avalonia.Desktop", "Nova.Avalonia.Desktop\Nova.Avalonia.Desktop.csproj", "{D4BAF384-A5F2-4EA1-AF69-1ACFB87A66D2}"
EndProject
Project("{FAE04EC0-301F-11D3-BF4B-00C04F79EFBC}") = "Nova.Avalonia.Android", "Nova.Avalonia.Android\Nova.Avalonia.Android.csproj", "{A7F621DB-55FB-4FA6-9FB7-34E5459F974B}"
EndProject
Project("{FAE04EC0-301F-11D3-BF4B-00C04F79EFBC}") = "Nova.Ai", "Nova.Ai\Nova.Ai.csproj", "{7A1C73CE-A6EB-4BC7-ABFA-97CE9AD5E53A}"
EndProject
Global
	GlobalSection(SolutionConfigurationPlatforms) = preSolution
		Debug|Any CPU = Debug|Any CPU
		Debug|x86 = Debug|x86
		Debug|x64 = Debug|x64
		Release|Any CPU = Release|Any CPU
		Release|x86 = Release|x86
		Release|x64 = Release|x64
		USE_COMMAND_ORDERS|Any CPU = USE_COMMAND_ORDERS|Any CPU
		USE_COMMAND_ORDERS|x86 = USE_COMMAND_ORDERS|x86
		USE_COMMAND_ORDERS|x64 = USE_COMMAND_ORDERS|x64
	EndGlobalSection
	GlobalSection(ProjectConfigurationPlatforms) = postSolution
		{AA9C1AA7-AB64-4560-91C7-95BB2A88FA1F}.Debug|Any CPU.ActiveCfg = Debug|Any CPU
		{AA9C1AA7-AB64-4560-91C7-95BB2A88FA1F}.Debug|Any CPU.Build.0 = Debug|Any CPU
		{AA9C1AA7-AB64-4560-91C7-95BB2A88FA1F}.Debug|x86.ActiveCfg = Debug|x86
		{AA9C1AA7-AB64-4560-91C7-95BB2A88FA1F}.Debug|x86.Build.0 = Debug|x86
		{AA9C1AA7-AB64-4560-91C7-95BB2A88FA1F}.Debug|x64.ActiveCfg = Debug|Any CPU
		{AA9C1AA7-AB64-4560-91C7-95BB2A88FA1F}.Debug|x64.Build.0 = Debug|Any CPU
		{AA9C1AA7-AB64-4560-91C7-95BB2A88FA1F}.Release|Any CPU.ActiveCfg = Release|Any CPU
		{AA9C1AA7-AB64-4560-91C7-95BB2A88FA1F}.Release|Any CPU.Build.0 = Release|Any CPU
		{AA9C1AA7-AB64-4560-91C7-95BB2A88FA1F}.Release|x86.ActiveCfg = Release|x86
		{AA9C1AA7-AB64-4560-91C7-95BB2A88FA1F}.Release|x86.Build.0 = Release|x86
		{AA9C1AA7-AB64-4560-91C7-95BB2A88FA1F}.Release|x64.ActiveCfg = Release|Any CPU
		{AA9C1AA7-AB64-4560-91C7-95BB2A88FA1F}.Release|x64.Build.0 = Release|Any CPU
		{AA9C1AA7-AB64-4560-91C7-95BB2A88FA1F}.USE_COMMAND_ORDERS|Any CPU.ActiveCfg = USE_COMMAND_ORDERS|Any CPU
		{AA9C1AA7-AB64-4560-91C7-95BB2A88FA1F}.USE_COMMAND_ORDERS|Any CPU.Build.0 = USE_COMMAND_ORDERS|Any CPU
		{AA9C1AA7-AB64-4560-91C7-95BB2A88FA1F}.USE_COMMAND_ORDERS|x86.ActiveCfg = USE_COMMAND_ORDERS|x86
		{AA9C1AA7-AB64-4560-91C7-95BB2A88FA1F}.USE_COMMAND_ORDERS|x86.Build.0 = USE_COMMAND_ORDERS|x86
		{AA9C1AA7-AB64-4560-91C7-95BB2A88FA1F}.USE_COMMAND_ORDERS|x64.ActiveCfg = USE_COMMAND_ORDERS|Any CPU
		{AA9C1AA7-AB64-4560-91C7-95BB2A88FA1F}.USE_COMMAND_ORDERS|x64.Build.0 = USE_COMMAND_ORDERS|Any CPU
		{EF679930-F4C9-4D62-9A6A-DE29F8D328C0}.Debug|Any CPU.ActiveCfg = Debug|Any CPU
		{EF679930-F4C9-4D62-9A6A-DE29F8D328C0}.Debug|Any CPU.Build.0 = Debug|Any CPU
		{EF679930-F4C9-4D62-9A6A-DE29F8D328C0}.Debug|x86.ActiveCfg = Debug|x86
		{EF679930-F4C9-4D62-9A6A-DE29F8D328C0}.Debug|x86.Build.0 = Debug|x86
		{EF679930-F4C9-4D62-9A6A-DE29F8D328C0}.Debug|x64.ActiveCfg = Debug|Any CPU
		{EF679930-F4C9-4D62-9A6A-DE29F8D328C0}.Debug|x64.Build.0 = Debug|Any CPU
		{EF679930-F4C9-4D62-9A6A-DE29F8D328C0}.Release|Any CPU.ActiveCfg = Release|Any CPU
		{EF679930-F4C9-4D62-9A6A-DE29F8D328C0}.Release|Any CPU.Build.0 = Release|Any CPU
		{EF679930-F4C9-4D62-9A6A-DE29F8D328C0}.Release|x86.ActiveCfg = Release|x86
		{EF679930-F4C9-4D62-9A6A-DE29F8D328C0}.Release|x86.Build.0 = Release|x86
		{EF679930-F4C9-4D62-9A6A-DE29F8D328C0}.Release|x64.ActiveCfg = Release|Any CPU
		{EF679930-F4C9-4D62-9A6A-DE29F8D328C0}.Release|x64.Build.0 = Release|Any CPU
		{EF679930-F4C9-4D62-9A6A-DE29F8D328C0}.USE_COMMAND_ORDERS|Any CPU.ActiveCfg = USE_COMMAND_ORDERS|Any CPU
		{EF679930-F4C9-4D62-9A6A-DE29F8D328C0}.USE_COMMAND_ORDERS|Any CPU.Build.0 = USE_COMMAND_ORDERS|Any CPU
		{EF679930-F4C9-4D62-9A6A-DE29F8D328C0}.USE_COMMAND_ORDERS|x86.ActiveCfg = USE_COMMAND_ORDERS|x86
		{EF679930-F4C9-4D62-9A6A-DE29F8D328C0}.USE_COMMAND_ORDERS|x86.Build.0 = USE_COMMAND_ORDERS|x86
		{EF679930-F4C9-4D62-9A6A-DE29F8D328C0}.USE_COMMAND_ORDERS|x64.ActiveCfg = USE_COMMAND_ORDERS|Any CPU
		{EF679930-F4C9-4D62-9A6A-DE29F8D328C0}.USE_COMMAND_ORDERS|x64.Build.0 = USE_COMMAND_ORDERS|Any CPU
		{0C92C1D5-9084-4E4A-82F1-889B74019A33}.Debug|Any CPU.ActiveCfg = Debug|Any CPU
		{0C92C1D5-9084-4E4A-82F1-889B74019A33}.Debug|Any CPU.Build.0 = Debug|Any CPU
		{0C92C1D5-9084-4E4A-82F1-889B74019A33}.Debug|x86.ActiveCfg = Debug|x86
		{0C92C1D5-9084-4E4A-82F1-889B74019A33}.Debug|x86.Build.0 = Debug|x86
		{0C92C1D5-9084-4E4A-82F1-889B74019A33}.Debug|x64.ActiveCfg = Debug|Any CPU
		{0C92C1D5-9084-4E4A-82F1-889B74019A33}.Debug|x64.Build.0 = Debug|Any CPU
		{0C92C1D5-9084-4E4A-82F1-889B74019A33}.Release|Any CPU.ActiveCfg = Release|Any CPU
		{0C92C1D5-9084-4E4A-82F1-889B74019A33}.Release|Any CPU.Build.0 = Release|Any CPU
		{0C92C1D5-9084-4E4A-82F1-889B74019A33}.Release|x86.ActiveCfg = Release|x86
		{0C92C1D5-9084-4E4A-82F1-889B74019A33}.Release|x86.Build.0 = Release|x86
		{0C92C1D5-9084-4E4A-82F1-889B74019A33}.Release|x64.ActiveCfg = Release|Any CPU
		{0C92C1D5-9084-4E4A-82F1-889B74019A33}.Release|x64.Build.0 = Release|Any CPU
		{0C92C1D5-9084-4E4A-82F1-889B74019A33}.USE_COMMAND_ORDERS|Any CPU.ActiveCfg = USE_COMMAND_ORDERS|Any CPU
		{0C92C1D5-9084-4E4A-82F1-889B74019A33}.USE_COMMAND_ORDERS|Any CPU.Build.0 = USE_COMMAND_ORDERS|Any CPU
		{0C92C1D5-9084-4E4A-82F1-889B74019A33}.USE_COMMAND_ORDERS|x86.ActiveCfg = USE_COMMAND_ORDERS|x86
		{0C92C1D5-9084-4E4A-82F1-889B74019A33}.USE_COMMAND_ORDERS|x86.Build.0 = USE_COMMAND_ORDERS|x86
		{0C92C1D5-9084-4E4A-82F1-889B74019A33}.USE_COMMAND_ORDERS|x64.ActiveCfg = USE_COMMAND_ORDERS|Any CPU
		{0C92C1D5-9084-4E4A-82F1-889B74019A33}.USE_COMMAND_ORDERS|x64.Build.0 = USE_COMMAND_ORDERS|Any CPU
		{86291ACF-4BAD-4926-B647-8BCDBB5E8EF7}.Debug|Any CPU.ActiveCfg = Debug|Any CPU
		{86291ACF-4BAD-4926-B647-8BCDBB5E8EF7}.Debug|Any CPU.Build.0 = Debug|Any CPU
		{86291ACF-4BAD-4926-B647-8BCDBB5E8EF7}.Debug|x86.ActiveCfg = Debug|x86
		{86291ACF-4BAD-4926-B647-8BCDBB5E8EF7}.Debug|x86.Build.0 = Debug|x86
		{86291ACF-4BAD-4926-B647-8BCDBB5E8EF7}.Debug|x64.ActiveCfg = Debug|Any CPU
		{86291ACF-4BAD-4926-B647-8BCDBB5E8EF7}.Debug|x64.Build.0 = Debug|Any CPU
		{86291ACF-4BAD-4926-B647-8BCDBB5E8EF7}.Release|Any CPU.ActiveCfg = Release|Any CPU
		{86291ACF-4BAD-4926-B647-8BCDBB5E8EF7}.Release|Any CPU.Build.0 = Release|Any CPU
		{86291ACF-4BAD-4926-B647-8BCDBB5E8EF7}.Release|x86.ActiveCfg = Release|x86
		{86291ACF-4BAD-4926-B647-8BCDBB5E8EF7}.Release|x86.Build.0 = Release|x86
		{86291ACF-4BAD-4926-B647-8BCDBB5E8EF7}.Release|x64.ActiveCfg = Release|Any CPU
		{86291ACF-4BAD-4926-B647-8BCDBB5E8EF7}.Release|x64.Build.0 = Release|Any CPU
		{86291ACF-4BAD-4926-B647-8BCDBB5E8EF7}.USE_COMMAND_ORDERS|Any CPU.ActiveCfg = USE_COMMAND_ORDERS|Any CPU
		{86291ACF-4BAD-4926-B647-8BCDBB5E8EF7}.USE_COMMAND_ORDERS|Any CPU.Build.0 = USE_COMMAND_ORDERS|Any CPU
		{86291ACF-4BAD-4926-B647-8BCDBB5E8EF7}.USE_COMMAND_ORDERS|x86.ActiveCfg = USE_COMMAND_ORDERS|x86
		{86291ACF-4BAD-4926-B647-8BCDBB5E8EF7}.USE_COMMAND_ORDERS|x86.Build.0 = USE_COMMAND_ORDERS|x86
		{86291ACF-4BAD-4926-B647-8BCDBB5E8EF7}.USE_COMMAND_ORDERS|x64.ActiveCfg = USE_COMMAND_ORDERS|Any CPU
		{86291ACF-4BAD-4926-B647-8BCDBB5E8EF7}.USE_COMMAND_ORDERS|x64.Build.0 = USE_COMMAND_ORDERS|Any CPU
		{184F17D9-28F2-4784-B5F0-8E9538A31BF7}.Debug|Any CPU.ActiveCfg = Debug|Any CPU
		{184F17D9-28F2-4784-B5F0-8E9538A31BF7}.Debug|Any CPU.Build.0 = Debug|Any CPU
		{184F17D9-28F2-4784-B5F0-8E9538A31BF7}.Debug|x86.ActiveCfg = Debug|x86
		{184F17D9-28F2-4784-B5F0-8E9538A31BF7}.Debug|x86.Build.0 = Debug|x86
		{184F17D9-28F2-4784-B5F0-8E9538A31BF7}.Debug|x64.ActiveCfg = Debug|Any CPU
		{184F17D9-28F2-4784-B5F0-8E9538A31BF7}.Debug|x64.Build.0 = Debug|Any CPU
		{184F17D9-28F2-4784-B5F0-8E9538A31BF7}.Release|Any CPU.ActiveCfg = Release|Any CPU
		{184F17D9-28F2-4784-B5F0-8E9538A31BF7}.Release|Any CPU.Build.0 = Release|Any CPU
		{184F17D9-28F2-4784-B5F0-8E9538A31BF7}.Release|x86.ActiveCfg = Release|x86
		{184F17D9-28F2-4784-B5F0-8E9538A31BF7}.Release|x86.Build.0 = Release|x86
		{184F17D9-28F2-4784-B5F0-8E9538A31BF7}.Release|x64.ActiveCfg = Release|Any CPU
		{184F17D9-28F2-4784-B5F0-8E9538A31BF7}.Release|x64.Build.0 = Release|Any CPU
		{184F17D9-28F2-4784-B5F0-8E9538A31BF7}.USE_COMMAND_ORDERS|Any CPU.ActiveCfg = USE_COMMAND_ORDERS|Any CPU
		{184F17D9-28F2-4784-B5F0-8E9538A31BF7}.USE_COMMAND_ORDERS|Any CPU.Build.0 = USE_COMMAND_ORDERS|Any CPU
		{184F17D9-28F2-4784-B5F0-8E9538A31BF7}.USE_COMMAND_ORDERS|x86.ActiveCfg = USE_COMMAND_ORDERS|x86
		{184F17D9-28F2-4784-B5F0-8E9538A31BF7}.USE_COMMAND_ORDERS|x86.Build.0 = USE_COMMAND_ORDERS|x86
		{184F17D9-28F2-4784-B5F0-8E9538A31BF7}.USE_COMMAND_ORDERS|x64.ActiveCfg = USE_COMMAND_ORDERS|Any CPU
		{184F17D9-28F2-4784-B5F0-8E9538A31BF7}.USE_COMMAND_ORDERS|x64.Build.0 = USE_COMMAND_ORDERS|Any CPU
		{41601E8B-0B96-4217-A9A9-33BFAFBA51A2}.Debug|Any CPU.ActiveCfg = Debug|Any CPU
		{41601E8B-0B96-4217-A9A9-33BFAFBA51A2}.Debug|Any CPU.Build.0 = Debug|Any CPU
		{41601E8B-0B96-4217-A9A9-33BFAFBA51A2}.Debug|x86.ActiveCfg = Debug|x86
		{41601E8B-0B96-4217-A9A9-33BFAFBA51A2}.Debug|x86.Build.0 = Debug|x86
		{41601E8B-0B96-4217-A9A9-33BFAFBA51A2}.Debug|x64.ActiveCfg = Debug|Any CPU
		{41601E8B-0B96-4217-A9A9-33BFAFBA51A2}.Debug|x64.Build.0 = Debug|Any CPU
		{41601E8B-0B96-4217-A9A9-33BFAFBA51A2}.Release|Any CPU.ActiveCfg = Release|Any CPU
		{41601E8B-0B96-4217-A9A9-33BFAFBA51A2}.Release|Any CPU.Build.0 = Release|Any CPU
		{41601E8B-0B96-4217-A9A9-33BFAFBA51A2}.Release|x86.ActiveCfg = Release|x86
		{41601E8B-0B96-4217-A9A9-33BFAFBA51A2}.Release|x86.Build.0 = Release|x86
		{41601E8B-0B96-4217-A9A9-33BFAFBA51A2}.Release|x64.ActiveCfg = Release|Any CPU
		{41601E8B-0B96-4217-A9A9-33BFAFBA51A2}.Release|x64.Build.0 = Release|Any CPU
		{41601E8B-0B96-4217-A9A9-33BFAFBA51A2}.USE_COMMAND_ORDERS|Any CPU.ActiveCfg = USE_COMMAND_ORDERS|Any CPU
		{41601E8B-0B96-4217-A9A9-33BFAFBA51A2}.USE_COMMAND_ORDERS|Any CPU.Build.0 = USE_COMMAND_ORDERS|Any CPU
		{41601E8B-0B96-4217-A9A9-33BFAFBA51A2}.USE_COMMAND_ORDERS|x86.ActiveCfg = USE_COMMAND_ORDERS|x86
		{41601E8B-0B96-4217-A9A9-33BFAFBA51A2}.USE_COMMAND_ORDERS|x86.Build.0 = USE_COMMAND_ORDERS|x86
		{41601E8B-0B96-4217-A9A9-33BFAFBA51A2}.USE_COMMAND_ORDERS|x64.ActiveCfg = USE_COMMAND_ORDERS|Any CPU
		{41601E8B-0B96-4217-A9A9-33BFAFBA51A2}.USE_COMMAND_ORDERS|x64.Build.0 = USE_COMMAND_ORDERS|Any CPU
		{9EB91FA6-8D16-4190-9205-1A7DCDBAC826}.Debug|Any CPU.ActiveCfg = Debug|Any CPU
		{9EB91FA6-8D16-4190-9205-1A7DCDBAC826}.Debug|Any CPU.Build.0 = Debug|Any CPU
		{9EB91FA6-8D16-4190-9205-1A7DCDBAC826}.Debug|x86.ActiveCfg = Debug|Any CPU
		{9EB91FA6-8D16-4190-9205-1A7DCDBAC826}.Debug|x86.Build.0 = Debug|Any CPU
		{9EB91FA6-8D16-4190-9205-1A7DCDBAC826}.Debug|x64.ActiveCfg = Debug|Any CPU
		{9EB91FA6-8D16-4190-9205-1A7DCDBAC826}.Debug|x64.Build.0 = Debug|Any CPU
		{9EB91FA6-8D16-4190-9205-1A7DCDBAC826}.Release|Any CPU.ActiveCfg = Release|Any CPU
		{9EB91FA6-8D16-4190-9205-1A7DCDBAC826}.Release|Any CPU.Build.0 = Release|Any CPU
		{9EB91FA6-8D16-4190-9205-1A7DCDBAC826}.Release|x86.ActiveCfg = Release|Any CPU
		{9EB91FA6-8D16-4190-9205-1A7DCDBAC826}.Release|x86.Build.0 = Release|Any CPU
		{9EB91FA6-8D16-4190-9205-1A7DCDBAC826}.Release|x64.ActiveCfg = Release|Any CPU
		{9EB91FA6-8D16-4190-9205-1A7DCDBAC826}.Release|x64.Build.0 = Release|Any CPU
		{9EB91FA6-8D16-4190-9205-1A7DCDBAC826}.USE_COMMAND_ORDERS|Any CPU.ActiveCfg = Debug|Any CPU
		{9EB91FA6-8D16-4190-9205-1A7DCDBAC826}.USE_COMMAND_ORDERS|Any CPU.Build.0 = Debug|Any CPU
		{9EB91FA6-8D16-4190-9205-1A7DCDBAC826}.USE_COMMAND_ORDERS|x86.ActiveCfg = Debug|Any CPU
		{9EB91FA6-8D16-4190-9205-1A7DCDBAC826}.USE_COMMAND_ORDERS|x86.Build.0 = Debug|Any CPU
		{9EB91FA6-8D16-4190-9205-1A7DCDBAC826}.USE_COMMAND_ORDERS|x64.ActiveCfg = Debug|Any CPU
		{9EB91FA6-8D16-4190-9205-1A7DCDBAC826}.USE_COMMAND_ORDERS|x64.Build.0 = Debug|Any CPU
		{11A4AA31-C6E0-4832-9B7D-314BACBCEA90}.Debug|Any CPU.ActiveCfg = Debug|Any CPU
		{11A4AA31-C6E0-4832-9B7D-314BACBCEA90}.Debug|Any CPU.Build.0 = Debug|Any CPU
		{11A4AA31-C6E0-4832-9B7D-314BACBCEA90}.Debug|x86.ActiveCfg = Debug|Any CPU
		{11A4AA31-C6E0-4832-9B7D-314BACBCEA90}.Debug|x86.Build.0 = Debug|Any CPU
		{11A4AA31-C6E0-4832-9B7D-314BACBCEA90}.Debug|x64.ActiveCfg = Debug|Any CPU
		{11A4AA31-C6E0-4832-9B7D-314BACBCEA90}.Debug|x64.Build.0 = Debug|Any CPU
		{11A4AA31-C6E0-4832-9B7D-314BACBCEA90}.Release|Any CPU.ActiveCfg = Release|Any CPU
		{11A4AA31-C6E0-4832-9B7D-314BACBCEA90}.Release|Any CPU.Build.0 = Release|Any CPU
		{11A4AA31-C6E0-4832-9B7D-314BACBCEA90}.Release|x86.ActiveCfg = Release|Any CPU
		{11A4AA31-C6E0-4832-9B7D-314BACBCEA90}.Release|x86.Build.0 = Release|Any CPU
		{11A4AA31-C6E0-4832-9B7D-314BACBCEA90}.Release|x64.ActiveCfg = Release|Any CPU
		{11A4AA31-C6E0-4832-9B7D-314BACBCEA90}.Release|x64.Build.0 = Release|Any CPU
		{11A4AA31-C6E0-4832-9B7D-314BACBCEA90}.USE_COMMAND_ORDERS|Any CPU.ActiveCfg = Debug|Any CPU
		{11A4AA31-C6E0-4832-9B7D-314BACBCEA90}.USE_COMMAND_ORDERS|Any CPU.Build.0 = Debug|Any CPU
		{11A4AA31-C6E0-4832-9B7D-314BACBCEA90}.USE_COMMAND_ORDERS|x86.ActiveCfg = Debug|Any CPU
		{11A4AA31-C6E0-4832-9B7D-314BACBCEA90}.USE_COMMAND_ORDERS|x86.Build.0 = Debug|Any CPU
		{11A4AA31-C6E0-4832-9B7D-314BACBCEA90}.USE_COMMAND_ORDERS|x64.ActiveCfg = Debug|Any CPU
		{11A4AA31-C6E0-4832-9B7D-314BACBCEA90}.USE_COMMAND_ORDERS|x64.Build.0 = Debug|Any CPU
		{D4BAF384-A5F2-4EA1-AF69-1ACFB87A66D2}.Debug|Any CPU.ActiveCfg = Debug|Any CPU
		{D4BAF384-A5F2-4EA1-AF69-1ACFB87A66D2}.Debug|Any CPU.Build.0 = Debug|Any CPU
		{D4BAF384-A5F2-4EA1-AF69-1ACFB87A66D2}.Debug|x86.ActiveCfg = Debug|Any CPU
		{D4BAF384-A5F2-4EA1-AF69-1ACFB87A66D2}.Debug|x86.Build.0 = Debug|Any CPU
		{D4BAF384-A5F2-4EA1-AF69-1ACFB87A66D2}.Debug|x64.ActiveCfg = Debug|Any CPU
		{D4BAF384-A5F2-4EA1-AF69-1ACFB87A66D2}.Debug|x64.Build.0 = Debug|Any CPU
		{D4BAF384-A5F2-4EA1-AF69-1ACFB87A66D2}.Release|Any CPU.ActiveCfg = Release|Any CPU
		{D4BAF384-A5F2-4EA1-AF69-1ACFB87A66D2}.Release|Any CPU.Build.0 = Release|Any CPU
		{D4BAF384-A5F2-4EA1-AF69-1ACFB87A66D2}.Release|x86.ActiveCfg = Release|Any CPU
		{D4BAF384-A5F2-4EA1-AF69-1ACFB87A66D2}.Release|x86.Build.0 = Release|Any CPU
		{D4BAF384-A5F2-4EA1-AF69-1ACFB87A66D2}.Release|x64.ActiveCfg = Release|Any CPU
		{D4BAF384-A5F2-4EA1-AF69-1ACFB87A66D2}.Release|x64.Build.0 = Release|Any CPU
		{D4BAF384-A5F2-4EA1-AF69-1ACFB87A66D2}.USE_COMMAND_ORDERS|Any CPU.ActiveCfg = Debug|Any CPU
		{D4BAF384-A5F2-4EA1-AF69-1ACFB87A66D2}.USE_COMMAND_ORDERS|Any CPU.Build.0 = Debug|Any CPU
		{D4BAF384-A5F2-4EA1-AF69-1ACFB87A66D2}.USE_COMMAND_ORDERS|x86.ActiveCfg = Debug|Any CPU
		{D4BAF384-A5F2-4EA1-AF69-1ACFB87A66D2}.USE_COMMAND_ORDERS|x86.Build.0 = Debug|Any CPU
		{D4BAF384-A5F2-4EA1-AF69-1ACFB87A66D2}.USE_COMMAND_ORDERS|x64.ActiveCfg = Debug|Any CPU
		{D4BAF384-A5F2-4EA1-AF69-1ACFB87A66D2}.USE_COMMAND_ORDERS|x64.Build.0 = Debug|Any CPU
		{A7F621DB-55FB-4FA6-9FB7-34E5459F974B}.Debug|Any CPU.ActiveCfg = Debug|Any CPU
		{A7F621DB-55FB-4FA6-9FB7-34E5459F974B}.Debug|Any CPU.Build.0 = Debug|Any CPU
		{A7F621DB-55FB-4FA6-9FB7-34E5459F974B}.Debug|x86.ActiveCfg = Debug|Any CPU
		{A7F621DB-55FB-4FA6-9FB7-34E5459F974B}.Debug|x86.Build.0 = Debug|Any CPU
		{A7F621DB-55FB-4FA6-9FB7-34E5459F974B}.Debug|x64.ActiveCfg = Debug|Any CPU
		{A7F621DB-55FB-4FA6-9FB7-34E5459F974B}.Debug|x64.Build.0 = Debug|Any CPU
		{A7F621DB-55FB-4FA6-9FB7-34E5459F974B}.Release|Any CPU.ActiveCfg = Release|Any CPU
		{A7F621DB-55FB-4FA6-9FB7-34E5459F974B}.Release|Any CPU.Build.0 = Release|Any CPU
		{A7F621DB-55FB-4FA6-9FB7-34E5459F974B}.Release|x86.ActiveCfg = Release|Any CPU
		{A7F621DB-55FB-4FA6-9FB7-34E5459F974B}.Release|x86.Build.0 = Release|Any CPU
		{A7F621DB-55FB-4FA6-9FB7-34E5459F974B}.Release|x64.ActiveCfg = Release|Any CPU
		{A7F621DB-55FB-4FA6-9FB7-34E5459F974B}.Release|x64.Build.0 = Release|Any CPU
		{A7F621DB-55FB-4FA6-9FB7-34E5459F974B}.USE_COMMAND_ORDERS|Any CPU.ActiveCfg = Debug|Any CPU
		{A7F621DB-55FB-4FA6-9FB7-34E5459F974B}.USE_COMMAND_ORDERS|Any CPU.Build.0 = Debug|Any CPU
		{A7F621DB-55FB-4FA6-9FB7-34E5459F974B}.USE_COMMAND_ORDERS|x86.ActiveCfg = Debug|Any CPU
		{A7F621DB-55FB-4FA6-9FB7-34E5459F974B}.USE_COMMAND_ORDERS|x86.Build.0 = Debug|Any CPU
		{A7F621DB-55FB-4FA6-9FB7-34E5459F974B}.USE_COMMAND_ORDERS|x64.ActiveCfg = Debug|Any CPU
		{A7F621DB-55FB-4FA6-9FB7-34E5459F974B}.USE_COMMAND_ORDERS|x64.Build.0 = Debug|Any CPU
		{7A1C73CE-A6EB-4BC7-ABFA-97CE9AD5E53A}.Debug|Any CPU.ActiveCfg = Debug|Any CPU
		{7A1C73CE-A6EB-4BC7-ABFA-97CE9AD5E53A}.Debug|Any CPU.Build.0 = Debug|Any CPU
		{7A1C73CE-A6EB-4BC7-ABFA-97CE9AD5E53A}.Debug|x86.ActiveCfg = Debug|Any CPU
		{7A1C73CE-A6EB-4BC7-ABFA-97CE9AD5E53A}.Debug|x86.Build.0 = Debug|Any CPU
		{7A1C73CE-A6EB-4BC7-ABFA-97CE9AD5E53A}.Debug|x64.ActiveCfg = Debug|Any CPU
		{7A1C73CE-A6EB-4BC7-ABFA-97CE9AD5E53A}.Debug|x64.Build.0 = Debug|Any CPU
		{7A1C73CE-A6EB-4BC7-ABFA-97CE9AD5E53A}.Release|Any CPU.ActiveCfg = Release|Any CPU
		{7A1C73CE-A6EB-4BC7-ABFA-97CE9AD5E53A}.Release|Any CPU.Build.0 = Release|Any CPU
		{7A1C73CE-A6EB-4BC7-ABFA-97CE9AD5E53A}.Release|x86.ActiveCfg = Release|Any CPU
		{7A1C73CE-A6EB-4BC7-ABFA-97CE9AD5E53A}.Release|x86.Build.0 = Release|Any CPU
		{7A1C73CE-A6EB-4BC7-ABFA-97CE9AD5E53A}.Release|x64.ActiveCfg = Release|Any CPU
		{7A1C73CE-A6EB-4BC7-ABFA-97CE9AD5E53A}.Release|x64.Build.0 = Release|Any CPU
		{7A1C73CE-A6EB-4BC7-ABFA-97CE9AD5E53A}.USE_COMMAND_ORDERS|Any CPU.ActiveCfg = Debug|Any CPU
		{7A1C73CE-A6EB-4BC7-ABFA-97CE9AD5E53A}.USE_COMMAND_ORDERS|Any CPU.Build.0 = Debug|Any CPU
		{7A1C73CE-A6EB-4BC7-ABFA-97CE9AD5E53A}.USE_COMMAND_ORDERS|x86.ActiveCfg = Debug|Any CPU
		{7A1C73CE-A6EB-4BC7-ABFA-97CE9AD5E53A}.USE_COMMAND_ORDERS|x86.Build.0 = Debug|Any CPU
		{7A1C73CE-A6EB-4BC7-ABFA-97CE9AD5E53A}.USE_COMMAND_ORDERS|x64.ActiveCfg = Debug|Any CPU
		{7A1C73CE-A6EB-4BC7-ABFA-97CE9AD5E53A}.USE_COMMAND_ORDERS|x64.Build.0 = Debug|Any CPU
	EndGlobalSection
	GlobalSection(SolutionProperties) = preSolution
		HideSolutionNode = FALSE
	EndGlobalSection
	GlobalSection(ExtensibilityGlobals) = postSolution
		SolutionGuid = {FBB5D75C-AD55-42E2-9828-A0FB5075AF84}
	EndGlobalSection
	GlobalSection(MonoDevelopProperties) = preSolution
		StartupItem = Nova\Nova.csproj
	EndGlobalSection
	GlobalSection(SubversionScc) = preSolution
		Svn-Managed = True
		Manager = AnkhSVN - Subversion Support for Visual Studio
	EndGlobalSection
EndGlobal
